// !$*UTF8*$!
{
	archiveVersion = 1;
	classes = {
	};
	objectVersion = 50;
	objects = {

/* Begin PBXBuildFile section */
		AAC3879E2453715C0044CEFB /* AppDelegate.swift in Sources */ = {isa = PBXBuildFile; fileRef = AAC3879D2453715C0044CEFB /* AppDelegate.swift */; };
		AAC387A02453715C0044CEFB /* SceneDelegate.swift in Sources */ = {isa = PBXBuildFile; fileRef = AAC3879F2453715C0044CEFB /* SceneDelegate.swift */; };
		AAC387A22453715C0044CEFB /* ViewController.swift in Sources */ = {isa = PBXBuildFile; fileRef = AAC387A12453715C0044CEFB /* ViewController.swift */; };
		AAC387A72453715F0044CEFB /* Assets.xcassets in Resources */ = {isa = PBXBuildFile; fileRef = AAC387A62453715F0044CEFB /* Assets.xcassets */; };
		AAC387AA2453715F0044CEFB /* LaunchScreen.storyboard in Resources */ = {isa = PBXBuildFile; fileRef = AAC387A82453715F0044CEFB /* LaunchScreen.storyboard */; };
		AAC387B52453715F0044CEFB /* FaceDetectionTests.swift in Sources */ = {isa = PBXBuildFile; fileRef = AAC387B42453715F0044CEFB /* FaceDetectionTests.swift */; };
		AAC387C02453715F0044CEFB /* FaceDetectionUITests.swift in Sources */ = {isa = PBXBuildFile; fileRef = AAC387BF2453715F0044CEFB /* FaceDetectionUITests.swift */; };
		AAC387CE245372FE0044CEFB /* FaceMaskViewController.swift in Sources */ = {isa = PBXBuildFile; fileRef = AAC387CD245372FE0044CEFB /* FaceMaskViewController.swift */; };
		AAC387D0245373B50044CEFB /* FaceDetectionViewController.swift in Sources */ = {isa = PBXBuildFile; fileRef = AAC387CF245373B50044CEFB /* FaceDetectionViewController.swift */; };
		AAC387D2245373D10044CEFB /* FaceClassificationViewController.swift in Sources */ = {isa = PBXBuildFile; fileRef = AAC387D1245373D10044CEFB /* FaceClassificationViewController.swift */; };
		AAC387D4245373E70044CEFB /* ObjectDetectionViewController.swift in Sources */ = {isa = PBXBuildFile; fileRef = AAC387D3245373E70044CEFB /* ObjectDetectionViewController.swift */; };
/* End PBXBuildFile section */

/* Begin PBXContainerItemProxy section */
		AAC387B12453715F0044CEFB /* PBXContainerItemProxy */ = {
			isa = PBXContainerItemProxy;
			containerPortal = AAC387922453715C0044CEFB /* Project object */;
			proxyType = 1;
			remoteGlobalIDString = AAC387992453715C0044CEFB;
			remoteInfo = FaceDetection;
		};
		AAC387BC2453715F0044CEFB /* PBXContainerItemProxy */ = {
			isa = PBXContainerItemProxy;
			containerPortal = AAC387922453715C0044CEFB /* Project object */;
			proxyType = 1;
			remoteGlobalIDString = AAC387992453715C0044CEFB;
			remoteInfo = FaceDetection;
		};
/* End PBXContainerItemProxy section */

/* Begin PBXFileReference section */
		AAC3879A2453715C0044CEFB /* FaceDetection.app */ = {isa = PBXFileReference; explicitFileType = wrapper.application; includeInIndex = 0; path = FaceDetection.app; sourceTree = BUILT_PRODUCTS_DIR; };
		AAC3879D2453715C0044CEFB /* AppDelegate.swift */ = {isa = PBXFileReference; lastKnownFileType = sourcecode.swift; path = AppDelegate.swift; sourceTree = "<group>"; };
		AAC3879F2453715C0044CEFB /* SceneDelegate.swift */ = {isa = PBXFileReference; lastKnownFileType = sourcecode.swift; path = SceneDelegate.swift; sourceTree = "<group>"; };
		AAC387A12453715C0044CEFB /* ViewController.swift */ = {isa = PBXFileReference; lastKnownFileType = sourcecode.swift; path = ViewController.swift; sourceTree = "<group>"; };
		AAC387A62453715F0044CEFB /* Assets.xcassets */ = {isa = PBXFileReference; lastKnownFileType = folder.assetcatalog; path = Assets.xcassets; sourceTree = "<group>"; };
		AAC387A92453715F0044CEFB /* Base */ = {isa = PBXFileReference; lastKnownFileType = file.storyboard; name = Base; path = Base.lproj/LaunchScreen.storyboard; sourceTree = "<group>"; };
		AAC387AB2453715F0044CEFB /* Info.plist */ = {isa = PBXFileReference; lastKnownFileType = text.plist.xml; path = Info.plist; sourceTree = "<group>"; };
		AAC387B02453715F0044CEFB /* FaceDetectionTests.xctest */ = {isa = PBXFileReference; explicitFileType = wrapper.cfbundle; includeInIndex = 0; path = FaceDetectionTests.xctest; sourceTree = BUILT_PRODUCTS_DIR; };
		AAC387B42453715F0044CEFB /* FaceDetectionTests.swift */ = {isa = PBXFileReference; lastKnownFileType = sourcecode.swift; path = FaceDetectionTests.swift; sourceTree = "<group>"; };
		AAC387B62453715F0044CEFB /* Info.plist */ = {isa = PBXFileReference; lastKnownFileType = text.plist.xml; path = Info.plist; sourceTree = "<group>"; };
		AAC387BB2453715F0044CEFB /* FaceDetectionUITests.xctest */ = {isa = PBXFileReference; explicitFileType = wrapper.cfbundle; includeInIndex = 0; path = FaceDetectionUITests.xctest; sourceTree = BUILT_PRODUCTS_DIR; };
		AAC387BF2453715F0044CEFB /* FaceDetectionUITests.swift */ = {isa = PBXFileReference; lastKnownFileType = sourcecode.swift; path = FaceDetectionUITests.swift; sourceTree = "<group>"; };
		AAC387C12453715F0044CEFB /* Info.plist */ = {isa = PBXFileReference; lastKnownFileType = text.plist.xml; path = Info.plist; sourceTree = "<group>"; };
		AAC387CD245372FE0044CEFB /* FaceMaskViewController.swift */ = {isa = PBXFileReference; lastKnownFileType = sourcecode.swift; path = FaceMaskViewController.swift; sourceTree = "<group>"; };
		AAC387CF245373B50044CEFB /* FaceDetectionViewController.swift */ = {isa = PBXFileReference; lastKnownFileType = sourcecode.swift; path = FaceDetectionViewController.swift; sourceTree = "<group>"; };
		AAC387D1245373D10044CEFB /* FaceClassificationViewController.swift */ = {isa = PBXFileReference; lastKnownFileType = sourcecode.swift; path = FaceClassificationViewController.swift; sourceTree = "<group>"; };
		AAC387D3245373E70044CEFB /* ObjectDetectionViewController.swift */ = {isa = PBXFileReference; lastKnownFileType = sourcecode.swift; path = ObjectDetectionViewController.swift; sourceTree = "<group>"; };
/* End PBXFileReference section */

/* Begin PBXFrameworksBuildPhase section */
		AAC387972453715C0044CEFB /* Frameworks */ = {
			isa = PBXFrameworksBuildPhase;
			buildActionMask = 2147483647;
			files = (
			);
			runOnlyForDeploymentPostprocessing = 0;
		};
		AAC387AD2453715F0044CEFB /* Frameworks */ = {
			isa = PBXFrameworksBuildPhase;
			buildActionMask = 2147483647;
			files = (
			);
			runOnlyForDeploymentPostprocessing = 0;
		};
		AAC387B82453715F0044CEFB /* Frameworks */ = {
			isa = PBXFrameworksBuildPhase;
			buildActionMask = 2147483647;
			files = (
			);
			runOnlyForDeploymentPostprocessing = 0;
		};
/* End PBXFrameworksBuildPhase section */

/* Begin PBXGroup section */
		AAC387912453715C0044CEFB = {
			isa = PBXGroup;
			children = (
				AAC3879C2453715C0044CEFB /* FaceDetection */,
				AAC387B32453715F0044CEFB /* FaceDetectionTests */,
				AAC387BE2453715F0044CEFB /* FaceDetectionUITests */,
				AAC3879B2453715C0044CEFB /* Products */,
			);
			sourceTree = "<group>";
		};
		AAC3879B2453715C0044CEFB /* Products */ = {
			isa = PBXGroup;
			children = (
				AAC3879A2453715C0044CEFB /* FaceDetection.app */,
				AAC387B02453715F0044CEFB /* FaceDetectionTests.xctest */,
				AAC387BB2453715F0044CEFB /* FaceDetectionUITests.xctest */,
			);
			name = Products;
			sourceTree = "<group>";
		};
		AAC3879C2453715C0044CEFB /* FaceDetection */ = {
			isa = PBXGroup;
			children = (
				AAC3879D2453715C0044CEFB /* AppDelegate.swift */,
				AAC3879F2453715C0044CEFB /* SceneDelegate.swift */,
				AAC387A12453715C0044CEFB /* ViewController.swift */,
				AAC387D5245374850044CEFB /* View Controllers */,
				AAC387A62453715F0044CEFB /* Assets.xcassets */,
				AAC387A82453715F0044CEFB /* LaunchScreen.storyboard */,
				AAC387AB2453715F0044CEFB /* Info.plist */,
			);
			path = FaceDetection;
			sourceTree = "<group>";
		};
		AAC387B32453715F0044CEFB /* FaceDetectionTests */ = {
			isa = PBXGroup;
			children = (
				AAC387B42453715F0044CEFB /* FaceDetectionTests.swift */,
				AAC387B62453715F0044CEFB /* Info.plist */,
			);
			path = FaceDetectionTests;
			sourceTree = "<group>";
		};
		AAC387BE2453715F0044CEFB /* FaceDetectionUITests */ = {
			isa = PBXGroup;
			children = (
				AAC387BF2453715F0044CEFB /* FaceDetectionUITests.swift */,
				AAC387C12453715F0044CEFB /* Info.plist */,
			);
			path = FaceDetectionUITests;
			sourceTree = "<group>";
		};
		AAC387D5245374850044CEFB /* View Controllers */ = {
			isa = PBXGroup;
			children = (
				AAC387CD245372FE0044CEFB /* FaceMaskViewController.swift */,
				AAC387D1245373D10044CEFB /* FaceClassificationViewController.swift */,
				AAC387D3245373E70044CEFB /* ObjectDetectionViewController.swift */,
				AAC387CF245373B50044CEFB /* FaceDetectionViewController.swift */,
			);
			path = "View Controllers";
			sourceTree = "<group>";
		};
/* End PBXGroup section */

/* Begin PBXNativeTarget section */
		AAC387992453715C0044CEFB /* FaceDetection */ = {
			isa = PBXNativeTarget;
			buildConfigurationList = AAC387C42453715F0044CEFB /* Build configuration list for PBXNativeTarget "FaceDetection" */;
			buildPhases = (
				AAC387962453715C0044CEFB /* Sources */,
				AAC387972453715C0044CEFB /* Frameworks */,
				AAC387982453715C0044CEFB /* Resources */,
			);
			buildRules = (
			);
			dependencies = (
			);
			name = FaceDetection;
			productName = FaceDetection;
			productReference = AAC3879A2453715C0044CEFB /* FaceDetection.app */;
			productType = "com.apple.product-type.application";
		};
		AAC387AF2453715F0044CEFB /* FaceDetectionTests */ = {
			isa = PBXNativeTarget;
			buildConfigurationList = AAC387C72453715F0044CEFB /* Build configuration list for PBXNativeTarget "FaceDetectionTests" */;
			buildPhases = (
				AAC387AC2453715F0044CEFB /* Sources */,
				AAC387AD2453715F0044CEFB /* Frameworks */,
				AAC387AE2453715F0044CEFB /* Resources */,
			);
			buildRules = (
			);
			dependencies = (
				AAC387B22453715F0044CEFB /* PBXTargetDependency */,
			);
			name = FaceDetectionTests;
			productName = FaceDetectionTests;
			productReference = AAC387B02453715F0044CEFB /* FaceDetectionTests.xctest */;
			productType = "com.apple.product-type.bundle.unit-test";
		};
		AAC387BA2453715F0044CEFB /* FaceDetectionUITests */ = {
			isa = PBXNativeTarget;
			buildConfigurationList = AAC387CA2453715F0044CEFB /* Build configuration list for PBXNativeTarget "FaceDetectionUITests" */;
			buildPhases = (
				AAC387B72453715F0044CEFB /* Sources */,
				AAC387B82453715F0044CEFB /* Frameworks */,
				AAC387B92453715F0044CEFB /* Resources */,
			);
			buildRules = (
			);
			dependencies = (
				AAC387BD2453715F0044CEFB /* PBXTargetDependency */,
			);
			name = FaceDetectionUITests;
			productName = FaceDetectionUITests;
			productReference = AAC387BB2453715F0044CEFB /* FaceDetectionUITests.xctest */;
			productType = "com.apple.product-type.bundle.ui-testing";
		};
/* End PBXNativeTarget section */

/* Begin PBXProject section */
		AAC387922453715C0044CEFB /* Project object */ = {
			isa = PBXProject;
			attributes = {
				LastSwiftUpdateCheck = 1130;
				LastUpgradeCheck = 1130;
				ORGANIZATIONNAME = "Shaheen Ghiassy";
				TargetAttributes = {
					AAC387992453715C0044CEFB = {
						CreatedOnToolsVersion = 11.3.1;
					};
					AAC387AF2453715F0044CEFB = {
						CreatedOnToolsVersion = 11.3.1;
						TestTargetID = AAC387992453715C0044CEFB;
					};
					AAC387BA2453715F0044CEFB = {
						CreatedOnToolsVersion = 11.3.1;
						TestTargetID = AAC387992453715C0044CEFB;
					};
				};
			};
			buildConfigurationList = AAC387952453715C0044CEFB /* Build configuration list for PBXProject "FaceDetection" */;
			compatibilityVersion = "Xcode 9.3";
			developmentRegion = en;
			hasScannedForEncodings = 0;
			knownRegions = (
				en,
				Base,
			);
			mainGroup = AAC387912453715C0044CEFB;
			productRefGroup = AAC3879B2453715C0044CEFB /* Products */;
			projectDirPath = "";
			projectRoot = "";
			targets = (
				AAC387992453715C0044CEFB /* FaceDetection */,
				AAC387AF2453715F0044CEFB /* FaceDetectionTests */,
				AAC387BA2453715F0044CEFB /* FaceDetectionUITests */,
			);
		};
/* End PBXProject section */

/* Begin PBXResourcesBuildPhase section */
		AAC387982453715C0044CEFB /* Resources */ = {
			isa = PBXResourcesBuildPhase;
			buildActionMask = 2147483647;
			files = (
				AAC387AA2453715F0044CEFB /* LaunchScreen.storyboard in Resources */,
				AAC387A72453715F0044CEFB /* Assets.xcassets in Resources */,
			);
			runOnlyForDeploymentPostprocessing = 0;
		};
		AAC387AE2453715F0044CEFB /* Resources */ = {
			isa = PBXResourcesBuildPhase;
			buildActionMask = 2147483647;
			files = (
			);
			runOnlyForDeploymentPostprocessing = 0;
		};
		AAC387B92453715F0044CEFB /* Resources */ = {
			isa = PBXResourcesBuildPhase;
			buildActionMask = 2147483647;
			files = (
			);
			runOnlyForDeploymentPostprocessing = 0;
		};
/* End PBXResourcesBuildPhase section */

/* Begin PBXSourcesBuildPhase section */
		AAC387962453715C0044CEFB /* Sources */ = {
			isa = PBXSourcesBuildPhase;
			buildActionMask = 2147483647;
			files = (
				AAC387A22453715C0044CEFB /* ViewController.swift in Sources */,
				AAC387CE245372FE0044CEFB /* FaceMaskViewController.swift in Sources */,
				AAC3879E2453715C0044CEFB /* AppDelegate.swift in Sources */,
				AAC387D2245373D10044CEFB /* FaceClassificationViewController.swift in Sources */,
				AAC387D4245373E70044CEFB /* ObjectDetectionViewController.swift in Sources */,
				AAC387A02453715C0044CEFB /* SceneDelegate.swift in Sources */,
				AAC387D0245373B50044CEFB /* FaceDetectionViewController.swift in Sources */,
			);
			runOnlyForDeploymentPostprocessing = 0;
		};
		AAC387AC2453715F0044CEFB /* Sources */ = {
			isa = PBXSourcesBuildPhase;
			buildActionMask = 2147483647;
			files = (
				AAC387B52453715F0044CEFB /* FaceDetectionTests.swift in Sources */,
			);
			runOnlyForDeploymentPostprocessing = 0;
		};
		AAC387B72453715F0044CEFB /* Sources */ = {
			isa = PBXSourcesBuildPhase;
			buildActionMask = 2147483647;
			files = (
				AAC387C02453715F0044CEFB /* FaceDetectionUITests.swift in Sources */,
			);
			runOnlyForDeploymentPostprocessing = 0;
		};
/* End PBXSourcesBuildPhase section */

/* Begin PBXTargetDependency section */
		AAC387B22453715F0044CEFB /* PBXTargetDependency */ = {
			isa = PBXTargetDependency;
			target = AAC387992453715C0044CEFB /* FaceDetection */;
			targetProxy = AAC387B12453715F0044CEFB /* PBXContainerItemProxy */;
		};
		AAC387BD2453715F0044CEFB /* PBXTargetDependency */ = {
			isa = PBXTargetDependency;
			target = AAC387992453715C0044CEFB /* FaceDetection */;
			targetProxy = AAC387BC2453715F0044CEFB /* PBXContainerItemProxy */;
		};
/* End PBXTargetDependency section */

/* Begin PBXVariantGroup section */
		AAC387A82453715F0044CEFB /* LaunchScreen.storyboard */ = {
			isa = PBXVariantGroup;
			children = (
				AAC387A92453715F0044CEFB /* Base */,
			);
			name = LaunchScreen.storyboard;
			sourceTree = "<group>";
		};
/* End PBXVariantGroup section */

/* Begin XCBuildConfiguration section */
		AAC387C22453715F0044CEFB /* Debug */ = {
			isa = XCBuildConfiguration;
			buildSettings = {
				ALWAYS_SEARCH_USER_PATHS = NO;
				CLANG_ANALYZER_NONNULL = YES;
				CLANG_ANALYZER_NUMBER_OBJECT_CONVERSION = YES_AGGRESSIVE;
				CLANG_CXX_LANGUAGE_STANDARD = "gnu++14";
				CLANG_CXX_LIBRARY = "libc++";
				CLANG_ENABLE_MODULES = YES;
				CLANG_ENABLE_OBJC_ARC = YES;
				CLANG_ENABLE_OBJC_WEAK = YES;
				CLANG_WARN_BLOCK_CAPTURE_AUTORELEASING = YES;
				CLANG_WARN_BOOL_CONVERSION = YES;
				CLANG_WARN_COMMA = YES;
				CLANG_WARN_CONSTANT_CONVERSION = YES;
				CLANG_WARN_DEPRECATED_OBJC_IMPLEMENTATIONS = YES;
				CLANG_WARN_DIRECT_OBJC_ISA_USAGE = YES_ERROR;
				CLANG_WARN_DOCUMENTATION_COMMENTS = YES;
				CLANG_WARN_EMPTY_BODY = YES;
				CLANG_WARN_ENUM_CONVERSION = YES;
				CLANG_WARN_INFINITE_RECURSION = YES;
				CLANG_WARN_INT_CONVERSION = YES;
				CLANG_WARN_NON_LITERAL_NULL_CONVERSION = YES;
				CLANG_WARN_OBJC_IMPLICIT_RETAIN_SELF = YES;
				CLANG_WARN_OBJC_LITERAL_CONVERSION = YES;
				CLANG_WARN_OBJC_ROOT_CLASS = YES_ERROR;
				CLANG_WARN_RANGE_LOOP_ANALYSIS = YES;
				CLANG_WARN_STRICT_PROTOTYPES = YES;
				CLANG_WARN_SUSPICIOUS_MOVE = YES;
				CLANG_WARN_UNGUARDED_AVAILABILITY = YES_AGGRESSIVE;
				CLANG_WARN_UNREACHABLE_CODE = YES;
				CLANG_WARN__DUPLICATE_METHOD_MATCH = YES;
				COPY_PHASE_STRIP = NO;
				DEBUG_INFORMATION_FORMAT = dwarf;
				ENABLE_STRICT_OBJC_MSGSEND = YES;
				ENABLE_TESTABILITY = YES;
				GCC_C_LANGUAGE_STANDARD = gnu11;
				GCC_DYNAMIC_NO_PIC = NO;
				GCC_NO_COMMON_BLOCKS = YES;
				GCC_OPTIMIZATION_LEVEL = 0;
				GCC_PREPROCESSOR_DEFINITIONS = (
					"DEBUG=1",
					"$(inherited)",
				);
				GCC_WARN_64_TO_32_BIT_CONVERSION = YES;
				GCC_WARN_ABOUT_RETURN_TYPE = YES_ERROR;
				GCC_WARN_UNDECLARED_SELECTOR = YES;
				GCC_WARN_UNINITIALIZED_AUTOS = YES_AGGRESSIVE;
				GCC_WARN_UNUSED_FUNCTION = YES;
				GCC_WARN_UNUSED_VARIABLE = YES;
				IPHONEOS_DEPLOYMENT_TARGET = 13.2;
				MTL_ENABLE_DEBUG_INFO = INCLUDE_SOURCE;
				MTL_FAST_MATH = YES;
				ONLY_ACTIVE_ARCH = YES;
				SDKROOT = iphoneos;
				SWIFT_ACTIVE_COMPILATION_CONDITIONS = DEBUG;
				SWIFT_OPTIMIZATION_LEVEL = "-Onone";
			};
			name = Debug;
		};
		AAC387C32453715F0044CEFB /* Release */ = {
			isa = XCBuildConfiguration;
			buildSettings = {
				ALWAYS_SEARCH_USER_PATHS = NO;
				CLANG_ANALYZER_NONNULL = YES;
				CLANG_ANALYZER_NUMBER_OBJECT_CONVERSION = YES_AGGRESSIVE;
				CLANG_CXX_LANGUAGE_STANDARD = "gnu++14";
				CLANG_CXX_LIBRARY = "libc++";
				CLANG_ENABLE_MODULES = YES;
				CLANG_ENABLE_OBJC_ARC = YES;
				CLANG_ENABLE_OBJC_WEAK = YES;
				CLANG_WARN_BLOCK_CAPTURE_AUTORELEASING = YES;
				CLANG_WARN_BOOL_CONVERSION = YES;
				CLANG_WARN_COMMA = YES;
				CLANG_WARN_CONSTANT_CONVERSION = YES;
				CLANG_WARN_DEPRECATED_OBJC_IMPLEMENTATIONS = YES;
				CLANG_WARN_DIRECT_OBJC_ISA_USAGE = YES_ERROR;
				CLANG_WARN_DOCUMENTATION_COMMENTS = YES;
				CLANG_WARN_EMPTY_BODY = YES;
				CLANG_WARN_ENUM_CONVERSION = YES;
				CLANG_WARN_INFINITE_RECURSION = YES;
				CLANG_WARN_INT_CONVERSION = YES;
				CLANG_WARN_NON_LITERAL_NULL_CONVERSION = YES;
				CLANG_WARN_OBJC_IMPLICIT_RETAIN_SELF = YES;
				CLANG_WARN_OBJC_LITERAL_CONVERSION = YES;
				CLANG_WARN_OBJC_ROOT_CLASS = YES_ERROR;
				CLANG_WARN_RANGE_LOOP_ANALYSIS = YES;
				CLANG_WARN_STRICT_PROTOTYPES = YES;
				CLANG_WARN_SUSPICIOUS_MOVE = YES;
				CLANG_WARN_UNGUARDED_AVAILABILITY = YES_AGGRESSIVE;
				CLANG_WARN_UNREACHABLE_CODE = YES;
				CLANG_WARN__DUPLICATE_METHOD_MATCH = YES;
				COPY_PHASE_STRIP = NO;
				DEBUG_INFORMATION_FORMAT = "dwarf-with-dsym";
				ENABLE_NS_ASSERTIONS = NO;
				ENABLE_STRICT_OBJC_MSGSEND = YES;
				GCC_C_LANGUAGE_STANDARD = gnu11;
				GCC_NO_COMMON_BLOCKS = YES;
				GCC_WARN_64_TO_32_BIT_CONVERSION = YES;
				GCC_WARN_ABOUT_RETURN_TYPE = YES_ERROR;
				GCC_WARN_UNDECLARED_SELECTOR = YES;
				GCC_WARN_UNINITIALIZED_AUTOS = YES_AGGRESSIVE;
				GCC_WARN_UNUSED_FUNCTION = YES;
				GCC_WARN_UNUSED_VARIABLE = YES;
				IPHONEOS_DEPLOYMENT_TARGET = 13.2;
				MTL_ENABLE_DEBUG_INFO = NO;
				MTL_FAST_MATH = YES;
				SDKROOT = iphoneos;
				SWIFT_COMPILATION_MODE = wholemodule;
				SWIFT_OPTIMIZATION_LEVEL = "-O";
				VALIDATE_PRODUCT = YES;
			};
			name = Release;
		};
		AAC387C52453715F0044CEFB /* Debug */ = {
			isa = XCBuildConfiguration;
			buildSettings = {
				ASSETCATALOG_COMPILER_APPICON_NAME = AppIcon;
				CODE_SIGN_STYLE = Automatic;
				DEVELOPMENT_TEAM = D69WEANLKK;
				INFOPLIST_FILE = FaceDetection/Info.plist;
				LD_RUNPATH_SEARCH_PATHS = (
					"$(inherited)",
					"@executable_path/Frameworks",
				);
				PRODUCT_BUNDLE_IDENTIFIER = com.shaheenghiassy.FaceDetection;
				PRODUCT_NAME = "$(TARGET_NAME)";
				SWIFT_VERSION = 5.0;
				TARGETED_DEVICE_FAMILY = "1,2";
			};
			name = Debug;
		};
		AAC387C62453715F0044CEFB /* Release */ = {
			isa = XCBuildConfiguration;
			buildSettings = {
				ASSETCATALOG_COMPILER_APPICON_NAME = AppIcon;
				CODE_SIGN_STYLE = Automatic;
				DEVELOPMENT_TEAM = D69WEANLKK;
				INFOPLIST_FILE = FaceDetection/Info.plist;
				LD_RUNPATH_SEARCH_PATHS = (
					"$(inherited)",
					"@executable_path/Frameworks",
				);
				PRODUCT_BUNDLE_IDENTIFIER = com.shaheenghiassy.FaceDetection;
				PRODUCT_NAME = "$(TARGET_NAME)";
				SWIFT_VERSION = 5.0;
				TARGETED_DEVICE_FAMILY = "1,2";
			};
			name = Release;
		};
		AAC387C82453715F0044CEFB /* Debug */ = {
			isa = XCBuildConfiguration;
			buildSettings = {
				ALWAYS_EMBED_SWIFT_STANDARD_LIBRARIES = YES;
				BUNDLE_LOADER = "$(TEST_HOST)";
				CODE_SIGN_STYLE = Automatic;
				DEVELOPMENT_TEAM = D69WEANLKK;
				INFOPLIST_FILE = FaceDetectionTests/Info.plist;
				IPHONEOS_DEPLOYMENT_TARGET = 13.2;
				LD_RUNPATH_SEARCH_PATHS = (
					"$(inherited)",
					"@executable_path/Frameworks",
					"@loader_path/Frameworks",
				);
				PRODUCT_BUNDLE_IDENTIFIER = com.shaheenghiassy.FaceDetectionTests;
				PRODUCT_NAME = "$(TARGET_NAME)";
				SWIFT_VERSION = 5.0;
				TARGETED_DEVICE_FAMILY = "1,2";
				TEST_HOST = "$(BUILT_PRODUCTS_DIR)/FaceDetection.app/FaceDetection";
			};
			name = Debug;
		};
		AAC387C92453715F0044CEFB /* Release */ = {
			isa = XCBuildConfiguration;
			buildSettings = {
				ALWAYS_EMBED_SWIFT_STANDARD_LIBRARIES = YES;
				BUNDLE_LOADER = "$(TEST_HOST)";
				CODE_SIGN_STYLE = Automatic;
				DEVELOPMENT_TEAM = D69WEANLKK;
				INFOPLIST_FILE = FaceDetectionTests/Info.plist;
				IPHONEOS_DEPLOYMENT_TARGET = 13.2;
				LD_RUNPATH_SEARCH_PATHS = (
					"$(inherited)",
					"@executable_path/Frameworks",
					"@loader_path/Frameworks",
				);
				PRODUCT_BUNDLE_IDENTIFIER = com.shaheenghiassy.FaceDetectionTests;
				PRODUCT_NAME = "$(TARGET_NAME)";
				SWIFT_VERSION = 5.0;
				TARGETED_DEVICE_FAMILY = "1,2";
				TEST_HOST = "$(BUILT_PRODUCTS_DIR)/FaceDetection.app/FaceDetection";
			};
			name = Release;
		};
		AAC387CB2453715F0044CEFB /* Debug */ = {
			isa = XCBuildConfiguration;
			buildSettings = {
				ALWAYS_EMBED_SWIFT_STANDARD_LIBRARIES = YES;
				CODE_SIGN_STYLE = Automatic;
				DEVELOPMENT_TEAM = D69WEANLKK;
				INFOPLIST_FILE = FaceDetectionUITests/Info.plist;
				LD_RUNPATH_SEARCH_PATHS = (
					"$(inherited)",
					"@executable_path/Frameworks",
					"@loader_path/Frameworks",
				);
				PRODUCT_BUNDLE_IDENTIFIER = com.shaheenghiassy.FaceDetectionUITests;
				PRODUCT_NAME = "$(TARGET_NAME)";
				SWIFT_VERSION = 5.0;
				TARGETED_DEVICE_FAMILY = "1,2";
				TEST_TARGET_NAME = FaceDetection;
			};
			name = Debug;
		};
		AAC387CC2453715F0044CEFB /* Release */ = {
			isa = XCBuildConfiguration;
			buildSettings = {
				ALWAYS_EMBED_SWIFT_STANDARD_LIBRARIES = YES;
				CODE_SIGN_STYLE = Automatic;
				DEVELOPMENT_TEAM = D69WEANLKK;
				INFOPLIST_FILE = FaceDetectionUITests/Info.plist;
				LD_RUNPATH_SEARCH_PATHS = (
					"$(inherited)",
					"@executable_path/Frameworks",
					"@loader_path/Frameworks",
				);
				PRODUCT_BUNDLE_IDENTIFIER = com.shaheenghiassy.FaceDetectionUITests;
				PRODUCT_NAME = "$(TARGET_NAME)";
				SWIFT_VERSION = 5.0;
				TARGETED_DEVICE_FAMILY = "1,2";
				TEST_TARGET_NAME = FaceDetection;
			};
			name = Release;
		};
/* End XCBuildConfiguration section */

/* Begin XCConfigurationList section */
		AAC387952453715C0044CEFB /* Build configuration list for PBXProject "FaceDetection" */ = {
			isa = XCConfigurationList;
			buildConfigurations = (
				AAC387C22453715F0044CEFB /* Debug */,
				AAC387C32453715F0044CEFB /* Release */,
			);
			defaultConfigurationIsVisible = 0;
			defaultConfigurationName = Release;
		};
		AAC387C42453715F0044CEFB /* Build configuration list for PBXNativeTarget "FaceDetection" */ = {
			isa = XCConfigurationList;
			buildConfigurations = (
				AAC387C52453715F0044CEFB /* Debug */,
				AAC387C62453715F0044CEFB /* Release */,
			);
			defaultConfigurationIsVisible = 0;
			defaultConfigurationName = Release;
		};
		AAC387C72453715F0044CEFB /* Build configuration list for PBXNativeTarget "FaceDetectionTests" */ = {
			isa = XCConfigurationList;
			buildConfigurations = (
				AAC387C82453715F0044CEFB /* Debug */,
				AAC387C92453715F0044CEFB /* Release */,
			);
			defaultConfigurationIsVisible = 0;
			defaultConfigurationName = Release;
		};
		AAC387CA2453715F0044CEFB /* Build configuration list for PBXNativeTarget "FaceDetectionUITests" */ = {
			isa = XCConfigurationList;
			buildConfigurations = (
				AAC387CB2453715F0044CEFB /* Debug */,
				AAC387CC2453715F0044CEFB /* Release */,
			);
			defaultConfigurationIsVisible = 0;
			defaultConfigurationName = Release;
		};
/* End XCConfigurationList section */
	};
	rootObject = AAC387922453715C0044CEFB /* Project object */;
}
